
Microsoft Visual Studio Solution File, Format Version 12.00
Project("{F2A71F9B-5D33-465A-A702-920D77279786}") = "TemplateFactory", "src\TemplateFactory\TemplateFactory.fsproj", "{94D90954-D560-4F7C-8931-EB2147AA27E5}"
EndProject
Project("{F2A71F9B-5D33-465A-A702-920D77279786}") = "JsonParser", "src\JsonParser\JsonParser.fsproj", "{B73DAF24-9D2E-4D88-913B-A5A3F2B75C64}"
EndProject
Project("{F2A71F9B-5D33-465A-A702-920D77279786}") = "PowerShellModule", "src\PowerShellModule\PowerShellModule.fsproj", "{059C9AC4-7581-415D-9BFE-EFF6DFC52076}"
EndProject
Project("{F2A71F9B-5D33-465A-A702-920D77279786}") = "CSharp", "test\CSharp\CSharp.fsproj", "{F6AD7ACB-DE7A-4F6B-B9F1-B902BEAE0B24}"
EndProject
Project("{2150E333-8FDC-42A3-9474-1A3956D46DE8}") = "src", "src", "{F7B45BE6-9006-44C1-B6B2-F7532C3023DE}"
EndProject
Project("{2150E333-8FDC-42A3-9474-1A3956D46DE8}") = "test", "test", "{B3F3279A-DC18-4002-946F-73C3A56EC1F9}"
EndProject
Global
	GlobalSection(SolutionConfigurationPlatforms) = preSolution
		Debug|Any CPU = Debug|Any CPU
		Release|Any CPU = Release|Any CPU
	EndGlobalSection
	GlobalSection(ProjectConfigurationPlatforms) = postSolution
		{94D90954-D560-4F7C-8931-EB2147AA27E5}.Debug|Any CPU.ActiveCfg = Debug|Any CPU
		{94D90954-D560-4F7C-8931-EB2147AA27E5}.Debug|Any CPU.Build.0 = Debug|Any CPU
		{94D90954-D560-4F7C-8931-EB2147AA27E5}.Release|Any CPU.ActiveCfg = Release|Any CPU
		{94D90954-D560-4F7C-8931-EB2147AA27E5}.Release|Any CPU.Build.0 = Release|Any CPU
		{B73DAF24-9D2E-4D88-913B-A5A3F2B75C64}.Debug|Any CPU.ActiveCfg = Debug|Any CPU
		{B73DAF24-9D2E-4D88-913B-A5A3F2B75C64}.Debug|Any CPU.Build.0 = Debug|Any CPU
		{B73DAF24-9D2E-4D88-913B-A5A3F2B75C64}.Release|Any CPU.ActiveCfg = Release|Any CPU
		{B73DAF24-9D2E-4D88-913B-A5A3F2B75C64}.Release|Any CPU.Build.0 = Release|Any CPU
		{059C9AC4-7581-415D-9BFE-EFF6DFC52076}.Debug|Any CPU.ActiveCfg = Debug|Any CPU
		{059C9AC4-7581-415D-9BFE-EFF6DFC52076}.Debug|Any CPU.Build.0 = Debug|Any CPU
		{059C9AC4-7581-415D-9BFE-EFF6DFC52076}.Release|Any CPU.ActiveCfg = Release|Any CPU
		{059C9AC4-7581-415D-9BFE-EFF6DFC52076}.Release|Any CPU.Build.0 = Release|Any CPU
		{F6AD7ACB-DE7A-4F6B-B9F1-B902BEAE0B24}.Debug|Any CPU.ActiveCfg = Debug|Any CPU
		{F6AD7ACB-DE7A-4F6B-B9F1-B902BEAE0B24}.Debug|Any CPU.Build.0 = Debug|Any CPU
		{F6AD7ACB-DE7A-4F6B-B9F1-B902BEAE0B24}.Release|Any CPU.ActiveCfg = Release|Any CPU
		{F6AD7ACB-DE7A-4F6B-B9F1-B902BEAE0B24}.Release|Any CPU.Build.0 = Release|Any CPU
	EndGlobalSection
	GlobalSection(NestedProjects) = preSolution
		{B73DAF24-9D2E-4D88-913B-A5A3F2B75C64} = {F7B45BE6-9006-44C1-B6B2-F7532C3023DE}
		{059C9AC4-7581-415D-9BFE-EFF6DFC52076} = {F7B45BE6-9006-44C1-B6B2-F7532C3023DE}
		{94D90954-D560-4F7C-8931-EB2147AA27E5} = {F7B45BE6-9006-44C1-B6B2-F7532C3023DE}
		{F6AD7ACB-DE7A-4F6B-B9F1-B902BEAE0B24} = {B3F3279A-DC18-4002-946F-73C3A56EC1F9}
	EndGlobalSection
EndGlobal
