
Microsoft Visual Studio Solution File, Format Version 12.00
Project("{F2A71F9B-5D33-465A-A702-920D77279786}") = "JsonParser", "src\libs\JsonParser\JsonParser.fsproj", "{B73DAF24-9D2E-4D88-913B-A5A3F2B75C64}"
EndProject
Project("{F2A71F9B-5D33-465A-A702-920D77279786}") = "PowerShellModule", "src\apps\PowerShellModule\PowerShellModule.fsproj", "{059C9AC4-7581-415D-9BFE-EFF6DFC52076}"
EndProject
Project("{2150E333-8FDC-42A3-9474-1A3956D46DE8}") = "src", "src", "{F7B45BE6-9006-44C1-B6B2-F7532C3023DE}"
EndProject
Project("{2150E333-8FDC-42A3-9474-1A3956D46DE8}") = "test", "test", "{B3F3279A-DC18-4002-946F-73C3A56EC1F9}"
EndProject
Project("{F2A71F9B-5D33-465A-A702-920D77279786}") = "Common", "src\libs\Common\Common.fsproj", "{DCA578EF-7812-4A77-8EF2-102F31DC51E2}"
EndProject
Project("{2150E333-8FDC-42A3-9474-1A3956D46DE8}") = "libs", "libs", "{314AEAC4-C0BD-4E5D-A206-C5CB4BC150B9}"
EndProject
Project("{2150E333-8FDC-42A3-9474-1A3956D46DE8}") = "apps", "apps", "{7489B7AD-1098-4CFE-87B9-A4B1BE0ED33F}"
EndProject
Project("{F2A71F9B-5D33-465A-A702-920D77279786}") = "CSharpGeneratorTests", "test\CSharpGeneratorTests\CSharpGeneratorTests.fsproj", "{2DB627C1-C737-4A34-AD42-11AC1085E56E}"
EndProject
Project("{FAE04EC0-301F-11D3-BF4B-00C04F79EFBC}") = "GitHubPage", "src\apps\GitHubPage\GitHubPage.csproj", "{459F3A04-4FE0-444E-9118-A97D71D7B585}"
EndProject
Project("{F2A71F9B-5D33-465A-A702-920D77279786}") = "CSharp", "src\libs\generators\CSharp\CSharp.fsproj", "{342B38C4-87FD-4037-BE9F-E7DADD6788BE}"
EndProject
Project("{2150E333-8FDC-42A3-9474-1A3956D46DE8}") = "generators", "generators", "{2B9F5274-7325-4E14-9F96-43F0C7FC6FA7}"
EndProject
Project("{F2A71F9B-5D33-465A-A702-920D77279786}") = "Generator", "src\libs\Generator\Generator.fsproj", "{CA77EA61-F4CA-4042-B5EC-CF1DB9A388EF}"
EndProject
Project("{F2A71F9B-5D33-465A-A702-920D77279786}") = "CommonTests", "test\CommonTests\CommonTests.fsproj", "{1929C7C7-EBA7-49B6-B47C-CFD5B79919C9}"
EndProject
Project("{F2A71F9B-5D33-465A-A702-920D77279786}") = "SettingsTransformationTests", "test\SettingsTransformationTests\SettingsTransformationTests.fsproj", "{A35C897B-2F1F-4B21-B1F4-B3EF23BAF63D}"
EndProject
Project("{F2A71F9B-5D33-465A-A702-920D77279786}") = "TestDependencies", "test\TestDependencies\TestDependencies.fsproj", "{B8151023-3C48-4580-9251-937C39D35766}"
EndProject
Global
	GlobalSection(SolutionConfigurationPlatforms) = preSolution
		Debug|Any CPU = Debug|Any CPU
		Release|Any CPU = Release|Any CPU
	EndGlobalSection
	GlobalSection(ProjectConfigurationPlatforms) = postSolution
		{B73DAF24-9D2E-4D88-913B-A5A3F2B75C64}.Debug|Any CPU.ActiveCfg = Debug|Any CPU
		{B73DAF24-9D2E-4D88-913B-A5A3F2B75C64}.Debug|Any CPU.Build.0 = Debug|Any CPU
		{B73DAF24-9D2E-4D88-913B-A5A3F2B75C64}.Release|Any CPU.ActiveCfg = Release|Any CPU
		{B73DAF24-9D2E-4D88-913B-A5A3F2B75C64}.Release|Any CPU.Build.0 = Release|Any CPU
		{059C9AC4-7581-415D-9BFE-EFF6DFC52076}.Debug|Any CPU.ActiveCfg = Debug|Any CPU
		{059C9AC4-7581-415D-9BFE-EFF6DFC52076}.Debug|Any CPU.Build.0 = Debug|Any CPU
		{059C9AC4-7581-415D-9BFE-EFF6DFC52076}.Release|Any CPU.ActiveCfg = Release|Any CPU
		{059C9AC4-7581-415D-9BFE-EFF6DFC52076}.Release|Any CPU.Build.0 = Release|Any CPU
		{DCA578EF-7812-4A77-8EF2-102F31DC51E2}.Debug|Any CPU.ActiveCfg = Debug|Any CPU
		{DCA578EF-7812-4A77-8EF2-102F31DC51E2}.Debug|Any CPU.Build.0 = Debug|Any CPU
		{DCA578EF-7812-4A77-8EF2-102F31DC51E2}.Release|Any CPU.ActiveCfg = Release|Any CPU
		{DCA578EF-7812-4A77-8EF2-102F31DC51E2}.Release|Any CPU.Build.0 = Release|Any CPU
		{2DB627C1-C737-4A34-AD42-11AC1085E56E}.Debug|Any CPU.ActiveCfg = Debug|Any CPU
		{2DB627C1-C737-4A34-AD42-11AC1085E56E}.Debug|Any CPU.Build.0 = Debug|Any CPU
		{2DB627C1-C737-4A34-AD42-11AC1085E56E}.Release|Any CPU.ActiveCfg = Release|Any CPU
		{2DB627C1-C737-4A34-AD42-11AC1085E56E}.Release|Any CPU.Build.0 = Release|Any CPU
		{459F3A04-4FE0-444E-9118-A97D71D7B585}.Debug|Any CPU.ActiveCfg = Debug|Any CPU
		{459F3A04-4FE0-444E-9118-A97D71D7B585}.Debug|Any CPU.Build.0 = Debug|Any CPU
		{459F3A04-4FE0-444E-9118-A97D71D7B585}.Release|Any CPU.ActiveCfg = Release|Any CPU
		{459F3A04-4FE0-444E-9118-A97D71D7B585}.Release|Any CPU.Build.0 = Release|Any CPU
		{342B38C4-87FD-4037-BE9F-E7DADD6788BE}.Debug|Any CPU.ActiveCfg = Debug|Any CPU
		{342B38C4-87FD-4037-BE9F-E7DADD6788BE}.Debug|Any CPU.Build.0 = Debug|Any CPU
		{342B38C4-87FD-4037-BE9F-E7DADD6788BE}.Release|Any CPU.ActiveCfg = Release|Any CPU
		{342B38C4-87FD-4037-BE9F-E7DADD6788BE}.Release|Any CPU.Build.0 = Release|Any CPU
		{CA77EA61-F4CA-4042-B5EC-CF1DB9A388EF}.Debug|Any CPU.ActiveCfg = Debug|Any CPU
		{CA77EA61-F4CA-4042-B5EC-CF1DB9A388EF}.Debug|Any CPU.Build.0 = Debug|Any CPU
		{CA77EA61-F4CA-4042-B5EC-CF1DB9A388EF}.Release|Any CPU.ActiveCfg = Release|Any CPU
		{CA77EA61-F4CA-4042-B5EC-CF1DB9A388EF}.Release|Any CPU.Build.0 = Release|Any CPU
		{1929C7C7-EBA7-49B6-B47C-CFD5B79919C9}.Debug|Any CPU.ActiveCfg = Debug|Any CPU
		{1929C7C7-EBA7-49B6-B47C-CFD5B79919C9}.Debug|Any CPU.Build.0 = Debug|Any CPU
		{1929C7C7-EBA7-49B6-B47C-CFD5B79919C9}.Release|Any CPU.ActiveCfg = Release|Any CPU
		{1929C7C7-EBA7-49B6-B47C-CFD5B79919C9}.Release|Any CPU.Build.0 = Release|Any CPU
		{A35C897B-2F1F-4B21-B1F4-B3EF23BAF63D}.Debug|Any CPU.ActiveCfg = Debug|Any CPU
		{A35C897B-2F1F-4B21-B1F4-B3EF23BAF63D}.Debug|Any CPU.Build.0 = Debug|Any CPU
		{A35C897B-2F1F-4B21-B1F4-B3EF23BAF63D}.Release|Any CPU.ActiveCfg = Release|Any CPU
		{A35C897B-2F1F-4B21-B1F4-B3EF23BAF63D}.Release|Any CPU.Build.0 = Release|Any CPU
		{B8151023-3C48-4580-9251-937C39D35766}.Debug|Any CPU.ActiveCfg = Debug|Any CPU
		{B8151023-3C48-4580-9251-937C39D35766}.Debug|Any CPU.Build.0 = Debug|Any CPU
		{B8151023-3C48-4580-9251-937C39D35766}.Release|Any CPU.ActiveCfg = Release|Any CPU
		{B8151023-3C48-4580-9251-937C39D35766}.Release|Any CPU.Build.0 = Release|Any CPU
	EndGlobalSection
	GlobalSection(NestedProjects) = preSolution
		{314AEAC4-C0BD-4E5D-A206-C5CB4BC150B9} = {F7B45BE6-9006-44C1-B6B2-F7532C3023DE}
		{DCA578EF-7812-4A77-8EF2-102F31DC51E2} = {314AEAC4-C0BD-4E5D-A206-C5CB4BC150B9}
		{B73DAF24-9D2E-4D88-913B-A5A3F2B75C64} = {314AEAC4-C0BD-4E5D-A206-C5CB4BC150B9}
		{7489B7AD-1098-4CFE-87B9-A4B1BE0ED33F} = {F7B45BE6-9006-44C1-B6B2-F7532C3023DE}
		{059C9AC4-7581-415D-9BFE-EFF6DFC52076} = {7489B7AD-1098-4CFE-87B9-A4B1BE0ED33F}
		{2DB627C1-C737-4A34-AD42-11AC1085E56E} = {B3F3279A-DC18-4002-946F-73C3A56EC1F9}
		{459F3A04-4FE0-444E-9118-A97D71D7B585} = {7489B7AD-1098-4CFE-87B9-A4B1BE0ED33F}
		{2B9F5274-7325-4E14-9F96-43F0C7FC6FA7} = {314AEAC4-C0BD-4E5D-A206-C5CB4BC150B9}
		{342B38C4-87FD-4037-BE9F-E7DADD6788BE} = {2B9F5274-7325-4E14-9F96-43F0C7FC6FA7}
		{CA77EA61-F4CA-4042-B5EC-CF1DB9A388EF} = {314AEAC4-C0BD-4E5D-A206-C5CB4BC150B9}
		{1929C7C7-EBA7-49B6-B47C-CFD5B79919C9} = {B3F3279A-DC18-4002-946F-73C3A56EC1F9}
		{A35C897B-2F1F-4B21-B1F4-B3EF23BAF63D} = {B3F3279A-DC18-4002-946F-73C3A56EC1F9}
		{B8151023-3C48-4580-9251-937C39D35766} = {B3F3279A-DC18-4002-946F-73C3A56EC1F9}
	EndGlobalSection
EndGlobal
