
Microsoft Visual Studio Solution File, Format Version 12.00
Project("{F2A71F9B-5D33-465A-A702-920D77279786}") = "CSharpGenerator", "src\libs\CSharpGenerator\CSharpGenerator.fsproj", "{94D90954-D560-4F7C-8931-EB2147AA27E5}"
EndProject
Project("{F2A71F9B-5D33-465A-A702-920D77279786}") = "JsonParser", "src\libs\JsonParser\JsonParser.fsproj", "{B73DAF24-9D2E-4D88-913B-A5A3F2B75C64}"
EndProject
Project("{F2A71F9B-5D33-465A-A702-920D77279786}") = "PowerShellModule", "src\apps\PowerShellModule\PowerShellModule.fsproj", "{059C9AC4-7581-415D-9BFE-EFF6DFC52076}"
EndProject
Project("{2150E333-8FDC-42A3-9474-1A3956D46DE8}") = "src", "src", "{F7B45BE6-9006-44C1-B6B2-F7532C3023DE}"
EndProject
Project("{2150E333-8FDC-42A3-9474-1A3956D46DE8}") = "test", "test", "{B3F3279A-DC18-4002-946F-73C3A56EC1F9}"
EndProject
Project("{F2A71F9B-5D33-465A-A702-920D77279786}") = "Common", "src\libs\Common\Common.fsproj", "{DCA578EF-7812-4A77-8EF2-102F31DC51E2}"
EndProject
Project("{FAE04EC0-301F-11D3-BF4B-00C04F79EFBC}") = "WebApplication", "src\apps\WebApplication\WebApplication.csproj", "{3D883ABE-9D9C-4480-B3D6-6BBE64316DCD}"
EndProject
Project("{2150E333-8FDC-42A3-9474-1A3956D46DE8}") = "libs", "libs", "{314AEAC4-C0BD-4E5D-A206-C5CB4BC150B9}"
EndProject
Project("{2150E333-8FDC-42A3-9474-1A3956D46DE8}") = "apps", "apps", "{7489B7AD-1098-4CFE-87B9-A4B1BE0ED33F}"
EndProject
Project("{F2A71F9B-5D33-465A-A702-920D77279786}") = "CSharpGeneratorTests", "test\CSharpGeneratorTests\CSharpGeneratorTests.fsproj", "{2DB627C1-C737-4A34-AD42-11AC1085E56E}"
EndProject
Global
	GlobalSection(SolutionConfigurationPlatforms) = preSolution
		Debug|Any CPU = Debug|Any CPU
		Release|Any CPU = Release|Any CPU
	EndGlobalSection
	GlobalSection(ProjectConfigurationPlatforms) = postSolution
		{94D90954-D560-4F7C-8931-EB2147AA27E5}.Debug|Any CPU.ActiveCfg = Debug|Any CPU
		{94D90954-D560-4F7C-8931-EB2147AA27E5}.Debug|Any CPU.Build.0 = Debug|Any CPU
		{94D90954-D560-4F7C-8931-EB2147AA27E5}.Release|Any CPU.ActiveCfg = Release|Any CPU
		{94D90954-D560-4F7C-8931-EB2147AA27E5}.Release|Any CPU.Build.0 = Release|Any CPU
		{B73DAF24-9D2E-4D88-913B-A5A3F2B75C64}.Debug|Any CPU.ActiveCfg = Debug|Any CPU
		{B73DAF24-9D2E-4D88-913B-A5A3F2B75C64}.Debug|Any CPU.Build.0 = Debug|Any CPU
		{B73DAF24-9D2E-4D88-913B-A5A3F2B75C64}.Release|Any CPU.ActiveCfg = Release|Any CPU
		{B73DAF24-9D2E-4D88-913B-A5A3F2B75C64}.Release|Any CPU.Build.0 = Release|Any CPU
		{059C9AC4-7581-415D-9BFE-EFF6DFC52076}.Debug|Any CPU.ActiveCfg = Debug|Any CPU
		{059C9AC4-7581-415D-9BFE-EFF6DFC52076}.Debug|Any CPU.Build.0 = Debug|Any CPU
		{059C9AC4-7581-415D-9BFE-EFF6DFC52076}.Release|Any CPU.ActiveCfg = Release|Any CPU
		{059C9AC4-7581-415D-9BFE-EFF6DFC52076}.Release|Any CPU.Build.0 = Release|Any CPU
		{DCA578EF-7812-4A77-8EF2-102F31DC51E2}.Debug|Any CPU.ActiveCfg = Debug|Any CPU
		{DCA578EF-7812-4A77-8EF2-102F31DC51E2}.Debug|Any CPU.Build.0 = Debug|Any CPU
		{DCA578EF-7812-4A77-8EF2-102F31DC51E2}.Release|Any CPU.ActiveCfg = Release|Any CPU
		{DCA578EF-7812-4A77-8EF2-102F31DC51E2}.Release|Any CPU.Build.0 = Release|Any CPU
		{3D883ABE-9D9C-4480-B3D6-6BBE64316DCD}.Debug|Any CPU.ActiveCfg = Debug|Any CPU
		{3D883ABE-9D9C-4480-B3D6-6BBE64316DCD}.Debug|Any CPU.Build.0 = Debug|Any CPU
		{3D883ABE-9D9C-4480-B3D6-6BBE64316DCD}.Release|Any CPU.ActiveCfg = Release|Any CPU
		{3D883ABE-9D9C-4480-B3D6-6BBE64316DCD}.Release|Any CPU.Build.0 = Release|Any CPU
		{2DB627C1-C737-4A34-AD42-11AC1085E56E}.Debug|Any CPU.ActiveCfg = Debug|Any CPU
		{2DB627C1-C737-4A34-AD42-11AC1085E56E}.Debug|Any CPU.Build.0 = Debug|Any CPU
		{2DB627C1-C737-4A34-AD42-11AC1085E56E}.Release|Any CPU.ActiveCfg = Release|Any CPU
		{2DB627C1-C737-4A34-AD42-11AC1085E56E}.Release|Any CPU.Build.0 = Release|Any CPU
	EndGlobalSection
	GlobalSection(NestedProjects) = preSolution
		{314AEAC4-C0BD-4E5D-A206-C5CB4BC150B9} = {F7B45BE6-9006-44C1-B6B2-F7532C3023DE}
		{DCA578EF-7812-4A77-8EF2-102F31DC51E2} = {314AEAC4-C0BD-4E5D-A206-C5CB4BC150B9}
		{94D90954-D560-4F7C-8931-EB2147AA27E5} = {314AEAC4-C0BD-4E5D-A206-C5CB4BC150B9}
		{B73DAF24-9D2E-4D88-913B-A5A3F2B75C64} = {314AEAC4-C0BD-4E5D-A206-C5CB4BC150B9}
		{7489B7AD-1098-4CFE-87B9-A4B1BE0ED33F} = {F7B45BE6-9006-44C1-B6B2-F7532C3023DE}
		{059C9AC4-7581-415D-9BFE-EFF6DFC52076} = {7489B7AD-1098-4CFE-87B9-A4B1BE0ED33F}
		{3D883ABE-9D9C-4480-B3D6-6BBE64316DCD} = {7489B7AD-1098-4CFE-87B9-A4B1BE0ED33F}
		{2DB627C1-C737-4A34-AD42-11AC1085E56E} = {B3F3279A-DC18-4002-946F-73C3A56EC1F9}
	EndGlobalSection
EndGlobal
